
Microsoft Visual Studio Solution File, Format Version 12.00
# Visual Studio Version 17
VisualStudioVersion = 17.4.33205.214
MinimumVisualStudioVersion = 10.0.40219.1
Project("{8BC9CEB8-8B4A-11D0-8D11-00A0C91BC942}") = "Problem 24 Array Random Num and Max Num", "Problem 24 Array Random Num and Max Num\Problem 24 Array Random Num and Max Num.vcxproj", "{5C1AF38C-E939-42F1-B9D8-28B6556B5AEF}"
EndProject
Global
	GlobalSection(SolutionConfigurationPlatforms) = preSolution
		Debug|x64 = Debug|x64
		Debug|x86 = Debug|x86
		Release|x64 = Release|x64
		Release|x86 = Release|x86
	EndGlobalSection
	GlobalSection(ProjectConfigurationPlatforms) = postSolution
		{5C1AF38C-E939-42F1-B9D8-28B6556B5AEF}.Debug|x64.ActiveCfg = Debug|x64
		{5C1AF38C-E939-42F1-B9D8-28B6556B5AEF}.Debug|x64.Build.0 = Debug|x64
		{5C1AF38C-E939-42F1-B9D8-28B6556B5AEF}.Debug|x86.ActiveCfg = Debug|Win32
		{5C1AF38C-E939-42F1-B9D8-28B6556B5AEF}.Debug|x86.Build.0 = Debug|Win32
		{5C1AF38C-E939-42F1-B9D8-28B6556B5AEF}.Release|x64.ActiveCfg = Release|x64
		{5C1AF38C-E939-42F1-B9D8-28B6556B5AEF}.Release|x64.Build.0 = Release|x64
		{5C1AF38C-E939-42F1-B9D8-28B6556B5AEF}.Release|x86.ActiveCfg = Release|Win32
		{5C1AF38C-E939-42F1-B9D8-28B6556B5AEF}.Release|x86.Build.0 = Release|Win32
	EndGlobalSection
	GlobalSection(SolutionProperties) = preSolution
		HideSolutionNode = FALSE
	EndGlobalSection
	GlobalSection(ExtensibilityGlobals) = postSolution
		SolutionGuid = {9E8DDA66-3A34-4C96-9E7E-A97C8512F9E8}
	EndGlobalSection
EndGlobal
